PODS:
  - Alamofire (4.4.0)
  - HandyJSON (4.2.1)

DEPENDENCIES:
  - Alamofire
  - HandyJSON (~> 4.2.0)

SPEC REPOS:
  https://github.com/cocoapods/specs.git:
    - Alamofire
    - HandyJSON

SPEC CHECKSUMS:
  Alamofire: dc44b1600b800eb63da6a19039a0083d62a6a62d
  HandyJSON: d0c5fc80204f29056d59d3e5c4587fa0b16b60a8

PODFILE CHECKSUM: 0d3c48c4ab29da7233ffcdc8c6c787b20e123b56

COCOAPODS: 1.5.3
